// !$*UTF8*$!
{
	archiveVersion = 1;
	classes = {
	};
	objectVersion = 52;
	objects = {

/* Begin PBXBuildFile section */
		052419DA25D60FFD00743CD8 /* View+Extension.swift in Sources */ = {isa = PBXBuildFile; fileRef = 052419D925D60FFD00743CD8 /* View+Extension.swift */; };
		053542F225BBBC620009ADCF /* SDWebImageSwiftUI in Frameworks */ = {isa = PBXBuildFile; productRef = 053542F125BBBC620009ADCF /* SDWebImageSwiftUI */; };
		053542F525BBBCC10009ADCF /* JobView.swift in Sources */ = {isa = PBXBuildFile; fileRef = 053542F425BBBCC10009ADCF /* JobView.swift */; };
		057728C4259FE9320051423A /* GitHubJobsSwiftUIYouTubeApp.swift in Sources */ = {isa = PBXBuildFile; fileRef = 057728C3259FE9320051423A /* GitHubJobsSwiftUIYouTubeApp.swift */; };
		057728C6259FE9320051423A /* ContentView.swift in Sources */ = {isa = PBXBuildFile; fileRef = 057728C5259FE9320051423A /* ContentView.swift */; };
		057728C8259FE9350051423A /* Assets.xcassets in Resources */ = {isa = PBXBuildFile; fileRef = 057728C7259FE9350051423A /* Assets.xcassets */; };
		057728CB259FE9350051423A /* Preview Assets.xcassets in Resources */ = {isa = PBXBuildFile; fileRef = 057728CA259FE9350051423A /* Preview Assets.xcassets */; };
		057728D4259FE9970051423A /* SearchBarView.swift in Sources */ = {isa = PBXBuildFile; fileRef = 057728D3259FE9970051423A /* SearchBarView.swift */; };
		057728D7259FEF360051423A /* DoubleSearchBarView.swift in Sources */ = {isa = PBXBuildFile; fileRef = 057728D6259FEF360051423A /* DoubleSearchBarView.swift */; };
		057728E625A938BF0051423A /* Job.swift in Sources */ = {isa = PBXBuildFile; fileRef = 057728E525A938BF0051423A /* Job.swift */; };
		057728EA25A939790051423A /* NetworkManager.swift in Sources */ = {isa = PBXBuildFile; fileRef = 057728E925A939790051423A /* NetworkManager.swift */; };
		0577291E25B126A20051423A /* JobsViewModel.swift in Sources */ = {isa = PBXBuildFile; fileRef = 0577291D25B126A20051423A /* JobsViewModel.swift */; };
		05C947AE25C3A1AB0063774B /* Persistencemanager.swift in Sources */ = {isa = PBXBuildFile; fileRef = 05C947AD25C3A1AB0063774B /* Persistencemanager.swift */; };
		05C947B125C3A48A0063774B /* SavedJobs.swift in Sources */ = {isa = PBXBuildFile; fileRef = 05C947B025C3A48A0063774B /* SavedJobs.swift */; };
/* End PBXBuildFile section */

/* Begin PBXFileReference section */
		052419D925D60FFD00743CD8 /* View+Extension.swift */ = {isa = PBXFileReference; lastKnownFileType = sourcecode.swift; path = "View+Extension.swift"; sourceTree = "<group>"; };
		053542F425BBBCC10009ADCF /* JobView.swift */ = {isa = PBXFileReference; lastKnownFileType = sourcecode.swift; path = JobView.swift; sourceTree = "<group>"; };
		057728C0259FE9320051423A /* GitHubJobsSwiftUIYouTube.app */ = {isa = PBXFileReference; explicitFileType = wrapper.application; includeInIndex = 0; path = GitHubJobsSwiftUIYouTube.app; sourceTree = BUILT_PRODUCTS_DIR; };
		057728C3259FE9320051423A /* GitHubJobsSwiftUIYouTubeApp.swift */ = {isa = PBXFileReference; lastKnownFileType = sourcecode.swift; path = GitHubJobsSwiftUIYouTubeApp.swift; sourceTree = "<group>"; };
		057728C5259FE9320051423A /* ContentView.swift */ = {isa = PBXFileReference; lastKnownFileType = sourcecode.swift; path = ContentView.swift; sourceTree = "<group>"; };
		057728C7259FE9350051423A /* Assets.xcassets */ = {isa = PBXFileReference; lastKnownFileType = folder.assetcatalog; path = Assets.xcassets; sourceTree = "<group>"; };
		057728CA259FE9350051423A /* Preview Assets.xcassets */ = {isa = PBXFileReference; lastKnownFileType = folder.assetcatalog; path = "Preview Assets.xcassets"; sourceTree = "<group>"; };
		057728CC259FE9350051423A /* Info.plist */ = {isa = PBXFileReference; lastKnownFileType = text.plist.xml; path = Info.plist; sourceTree = "<group>"; };
		057728D3259FE9970051423A /* SearchBarView.swift */ = {isa = PBXFileReference; lastKnownFileType = sourcecode.swift; path = SearchBarView.swift; sourceTree = "<group>"; };
		057728D6259FEF360051423A /* DoubleSearchBarView.swift */ = {isa = PBXFileReference; lastKnownFileType = sourcecode.swift; path = DoubleSearchBarView.swift; sourceTree = "<group>"; };
		057728E525A938BF0051423A /* Job.swift */ = {isa = PBXFileReference; lastKnownFileType = sourcecode.swift; path = Job.swift; sourceTree = "<group>"; };
		057728E925A939790051423A /* NetworkManager.swift */ = {isa = PBXFileReference; lastKnownFileType = sourcecode.swift; path = NetworkManager.swift; sourceTree = "<group>"; };
		0577291D25B126A20051423A /* JobsViewModel.swift */ = {isa = PBXFileReference; lastKnownFileType = sourcecode.swift; path = JobsViewModel.swift; sourceTree = "<group>"; };
		05C947AD25C3A1AB0063774B /* Persistencemanager.swift */ = {isa = PBXFileReference; lastKnownFileType = sourcecode.swift; path = Persistencemanager.swift; sourceTree = "<group>"; };
		05C947B025C3A48A0063774B /* SavedJobs.swift */ = {isa = PBXFileReference; lastKnownFileType = sourcecode.swift; path = SavedJobs.swift; sourceTree = "<group>"; };
/* End PBXFileReference section */

/* Begin PBXFrameworksBuildPhase section */
		057728BD259FE9320051423A /* Frameworks */ = {
			isa = PBXFrameworksBuildPhase;
			buildActionMask = 2147483647;
			files = (
				053542F225BBBC620009ADCF /* SDWebImageSwiftUI in Frameworks */,
			);
			runOnlyForDeploymentPostprocessing = 0;
		};
/* End PBXFrameworksBuildPhase section */

/* Begin PBXGroup section */
		057728B7259FE9320051423A = {
			isa = PBXGroup;
			children = (
				05C947B025C3A48A0063774B /* SavedJobs.swift */,
				053542F425BBBCC10009ADCF /* JobView.swift */,
				0577291C25B126870051423A /* ViewModel */,
				057728E825A939550051423A /* Managers */,
				057728E425A938970051423A /* Data Model */,
				057728C2259FE9320051423A /* GitHubJobsSwiftUIYouTube */,
				057728C1259FE9320051423A /* Products */,
			);
			sourceTree = "<group>";
		};
		057728C1259FE9320051423A /* Products */ = {
			isa = PBXGroup;
			children = (
				057728C0259FE9320051423A /* GitHubJobsSwiftUIYouTube.app */,
			);
			name = Products;
			sourceTree = "<group>";
		};
		057728C2259FE9320051423A /* GitHubJobsSwiftUIYouTube */ = {
			isa = PBXGroup;
			children = (
				057728C3259FE9320051423A /* GitHubJobsSwiftUIYouTubeApp.swift */,
				057728C5259FE9320051423A /* ContentView.swift */,
				057728C7259FE9350051423A /* Assets.xcassets */,
				057728CC259FE9350051423A /* Info.plist */,
				057728C9259FE9350051423A /* Preview Content */,
				057728D3259FE9970051423A /* SearchBarView.swift */,
				057728D6259FEF360051423A /* DoubleSearchBarView.swift */,
				052419D925D60FFD00743CD8 /* View+Extension.swift */,
			);
			path = GitHubJobsSwiftUIYouTube;
			sourceTree = "<group>";
		};
		057728C9259FE9350051423A /* Preview Content */ = {
			isa = PBXGroup;
			children = (
				057728CA259FE9350051423A /* Preview Assets.xcassets */,
			);
			path = "Preview Content";
			sourceTree = "<group>";
		};
		057728E425A938970051423A /* Data Model */ = {
			isa = PBXGroup;
			children = (
				057728E525A938BF0051423A /* Job.swift */,
			);
			path = "Data Model";
			sourceTree = "<group>";
		};
		057728E825A939550051423A /* Managers */ = {
			isa = PBXGroup;
			children = (
				057728E925A939790051423A /* NetworkManager.swift */,
				05C947AD25C3A1AB0063774B /* Persistencemanager.swift */,
			);
			path = Managers;
			sourceTree = "<group>";
		};
		0577291C25B126870051423A /* ViewModel */ = {
			isa = PBXGroup;
			children = (
				0577291D25B126A20051423A /* JobsViewModel.swift */,
			);
			path = ViewModel;
			sourceTree = "<group>";
		};
/* End PBXGroup section */

/* Begin PBXNativeTarget section */
		057728BF259FE9320051423A /* GitHubJobsSwiftUIYouTube */ = {
			isa = PBXNativeTarget;
			buildConfigurationList = 057728CF259FE9350051423A /* Build configuration list for PBXNativeTarget "GitHubJobsSwiftUIYouTube" */;
			buildPhases = (
				057728BC259FE9320051423A /* Sources */,
				057728BD259FE9320051423A /* Frameworks */,
				057728BE259FE9320051423A /* Resources */,
			);
			buildRules = (
			);
			dependencies = (
			);
			name = GitHubJobsSwiftUIYouTube;
			packageProductDependencies = (
				053542F125BBBC620009ADCF /* SDWebImageSwiftUI */,
			);
			productName = GitHubJobsSwiftUIYouTube;
			productReference = 057728C0259FE9320051423A /* GitHubJobsSwiftUIYouTube.app */;
			productType = "com.apple.product-type.application";
		};
/* End PBXNativeTarget section */

/* Begin PBXProject section */
		057728B8259FE9320051423A /* Project object */ = {
			isa = PBXProject;
			attributes = {
				LastSwiftUpdateCheck = 1230;
				LastUpgradeCheck = 1230;
				TargetAttributes = {
					057728BF259FE9320051423A = {
						CreatedOnToolsVersion = 12.3;
					};
				};
			};
			buildConfigurationList = 057728BB259FE9320051423A /* Build configuration list for PBXProject "GitHubJobsSwiftUIYouTube" */;
			compatibilityVersion = "Xcode 9.3";
			developmentRegion = en;
			hasScannedForEncodings = 0;
			knownRegions = (
				en,
				Base,
			);
			mainGroup = 057728B7259FE9320051423A;
			packageReferences = (
				053542F025BBBC620009ADCF /* XCRemoteSwiftPackageReference "SDWebImageSwiftUI" */,
			);
			productRefGroup = 057728C1259FE9320051423A /* Products */;
			projectDirPath = "";
			projectRoot = "";
			targets = (
				057728BF259FE9320051423A /* GitHubJobsSwiftUIYouTube */,
			);
		};
/* End PBXProject section */

/* Begin PBXResourcesBuildPhase section */
		057728BE259FE9320051423A /* Resources */ = {
			isa = PBXResourcesBuildPhase;
			buildActionMask = 2147483647;
			files = (
				057728CB259FE9350051423A /* Preview Assets.xcassets in Resources */,
				057728C8259FE9350051423A /* Assets.xcassets in Resources */,
			);
			runOnlyForDeploymentPostprocessing = 0;
		};
/* End PBXResourcesBuildPhase section */

/* Begin PBXSourcesBuildPhase section */
		057728BC259FE9320051423A /* Sources */ = {
			isa = PBXSourcesBuildPhase;
			buildActionMask = 2147483647;
			files = (
				057728EA25A939790051423A /* NetworkManager.swift in Sources */,
				057728C6259FE9320051423A /* ContentView.swift in Sources */,
				057728D7259FEF360051423A /* DoubleSearchBarView.swift in Sources */,
				05C947B125C3A48A0063774B /* SavedJobs.swift in Sources */,
				057728D4259FE9970051423A /* SearchBarView.swift in Sources */,
				057728C4259FE9320051423A /* GitHubJobsSwiftUIYouTubeApp.swift in Sources */,
				057728E625A938BF0051423A /* Job.swift in Sources */,
				052419DA25D60FFD00743CD8 /* View+Extension.swift in Sources */,
				05C947AE25C3A1AB0063774B /* Persistencemanager.swift in Sources */,
				053542F525BBBCC10009ADCF /* JobView.swift in Sources */,
				0577291E25B126A20051423A /* JobsViewModel.swift in Sources */,
			);
			runOnlyForDeploymentPostprocessing = 0;
		};
/* End PBXSourcesBuildPhase section */

/* Begin XCBuildConfiguration section */
		057728CD259FE9350051423A /* Debug */ = {
			isa = XCBuildConfiguration;
			buildSettings = {
				ALWAYS_SEARCH_USER_PATHS = NO;
				CLANG_ANALYZER_NONNULL = YES;
				CLANG_ANALYZER_NUMBER_OBJECT_CONVERSION = YES_AGGRESSIVE;
				CLANG_CXX_LANGUAGE_STANDARD = "gnu++14";
				CLANG_CXX_LIBRARY = "libc++";
				CLANG_ENABLE_MODULES = YES;
				CLANG_ENABLE_OBJC_ARC = YES;
				CLANG_ENABLE_OBJC_WEAK = YES;
				CLANG_WARN_BLOCK_CAPTURE_AUTORELEASING = YES;
				CLANG_WARN_BOOL_CONVERSION = YES;
				CLANG_WARN_COMMA = YES;
				CLANG_WARN_CONSTANT_CONVERSION = YES;
				CLANG_WARN_DEPRECATED_OBJC_IMPLEMENTATIONS = YES;
				CLANG_WARN_DIRECT_OBJC_ISA_USAGE = YES_ERROR;
				CLANG_WARN_DOCUMENTATION_COMMENTS = YES;
				CLANG_WARN_EMPTY_BODY = YES;
				CLANG_WARN_ENUM_CONVERSION = YES;
				CLANG_WARN_INFINITE_RECURSION = YES;
				CLANG_WARN_INT_CONVERSION = YES;
				CLANG_WARN_NON_LITERAL_NULL_CONVERSION = YES;
				CLANG_WARN_OBJC_IMPLICIT_RETAIN_SELF = YES;
				CLANG_WARN_OBJC_LITERAL_CONVERSION = YES;
				CLANG_WARN_OBJC_ROOT_CLASS = YES_ERROR;
				CLANG_WARN_QUOTED_INCLUDE_IN_FRAMEWORK_HEADER = YES;
				CLANG_WARN_RANGE_LOOP_ANALYSIS = YES;
				CLANG_WARN_STRICT_PROTOTYPES = YES;
				CLANG_WARN_SUSPICIOUS_MOVE = YES;
				CLANG_WARN_UNGUARDED_AVAILABILITY = YES_AGGRESSIVE;
				CLANG_WARN_UNREACHABLE_CODE = YES;
				CLANG_WARN__DUPLICATE_METHOD_MATCH = YES;
				COPY_PHASE_STRIP = NO;
				DEBUG_INFORMATION_FORMAT = dwarf;
				ENABLE_STRICT_OBJC_MSGSEND = YES;
				ENABLE_TESTABILITY = YES;
				GCC_C_LANGUAGE_STANDARD = gnu11;
				GCC_DYNAMIC_NO_PIC = NO;
				GCC_NO_COMMON_BLOCKS = YES;
				GCC_OPTIMIZATION_LEVEL = 0;
				GCC_PREPROCESSOR_DEFINITIONS = (
					"DEBUG=1",
					"$(inherited)",
				);
				GCC_WARN_64_TO_32_BIT_CONVERSION = YES;
				GCC_WARN_ABOUT_RETURN_TYPE = YES_ERROR;
				GCC_WARN_UNDECLARED_SELECTOR = YES;
				GCC_WARN_UNINITIALIZED_AUTOS = YES_AGGRESSIVE;
				GCC_WARN_UNUSED_FUNCTION = YES;
				GCC_WARN_UNUSED_VARIABLE = YES;
				IPHONEOS_DEPLOYMENT_TARGET = 14.3;
				MTL_ENABLE_DEBUG_INFO = INCLUDE_SOURCE;
				MTL_FAST_MATH = YES;
				ONLY_ACTIVE_ARCH = YES;
				SDKROOT = iphoneos;
				SWIFT_ACTIVE_COMPILATION_CONDITIONS = DEBUG;
				SWIFT_OPTIMIZATION_LEVEL = "-Onone";
			};
			name = Debug;
		};
		057728CE259FE9350051423A /* Release */ = {
			isa = XCBuildConfiguration;
			buildSettings = {
				ALWAYS_SEARCH_USER_PATHS = NO;
				CLANG_ANALYZER_NONNULL = YES;
				CLANG_ANALYZER_NUMBER_OBJECT_CONVERSION = YES_AGGRESSIVE;
				CLANG_CXX_LANGUAGE_STANDARD = "gnu++14";
				CLANG_CXX_LIBRARY = "libc++";
				CLANG_ENABLE_MODULES = YES;
				CLANG_ENABLE_OBJC_ARC = YES;
				CLANG_ENABLE_OBJC_WEAK = YES;
				CLANG_WARN_BLOCK_CAPTURE_AUTORELEASING = YES;
				CLANG_WARN_BOOL_CONVERSION = YES;
				CLANG_WARN_COMMA = YES;
				CLANG_WARN_CONSTANT_CONVERSION = YES;
				CLANG_WARN_DEPRECATED_OBJC_IMPLEMENTATIONS = YES;
				CLANG_WARN_DIRECT_OBJC_ISA_USAGE = YES_ERROR;
				CLANG_WARN_DOCUMENTATION_COMMENTS = YES;
				CLANG_WARN_EMPTY_BODY = YES;
				CLANG_WARN_ENUM_CONVERSION = YES;
				CLANG_WARN_INFINITE_RECURSION = YES;
				CLANG_WARN_INT_CONVERSION = YES;
				CLANG_WARN_NON_LITERAL_NULL_CONVERSION = YES;
				CLANG_WARN_OBJC_IMPLICIT_RETAIN_SELF = YES;
				CLANG_WARN_OBJC_LITERAL_CONVERSION = YES;
				CLANG_WARN_OBJC_ROOT_CLASS = YES_ERROR;
				CLANG_WARN_QUOTED_INCLUDE_IN_FRAMEWORK_HEADER = YES;
				CLANG_WARN_RANGE_LOOP_ANALYSIS = YES;
				CLANG_WARN_STRICT_PROTOTYPES = YES;
				CLANG_WARN_SUSPICIOUS_MOVE = YES;
				CLANG_WARN_UNGUARDED_AVAILABILITY = YES_AGGRESSIVE;
				CLANG_WARN_UNREACHABLE_CODE = YES;
				CLANG_WARN__DUPLICATE_METHOD_MATCH = YES;
				COPY_PHASE_STRIP = NO;
				DEBUG_INFORMATION_FORMAT = "dwarf-with-dsym";
				ENABLE_NS_ASSERTIONS = NO;
				ENABLE_STRICT_OBJC_MSGSEND = YES;
				GCC_C_LANGUAGE_STANDARD = gnu11;
				GCC_NO_COMMON_BLOCKS = YES;
				GCC_WARN_64_TO_32_BIT_CONVERSION = YES;
				GCC_WARN_ABOUT_RETURN_TYPE = YES_ERROR;
				GCC_WARN_UNDECLARED_SELECTOR = YES;
				GCC_WARN_UNINITIALIZED_AUTOS = YES_AGGRESSIVE;
				GCC_WARN_UNUSED_FUNCTION = YES;
				GCC_WARN_UNUSED_VARIABLE = YES;
				IPHONEOS_DEPLOYMENT_TARGET = 14.3;
				MTL_ENABLE_DEBUG_INFO = NO;
				MTL_FAST_MATH = YES;
				SDKROOT = iphoneos;
				SWIFT_COMPILATION_MODE = wholemodule;
				SWIFT_OPTIMIZATION_LEVEL = "-O";
				VALIDATE_PRODUCT = YES;
			};
			name = Release;
		};
		057728D0259FE9350051423A /* Debug */ = {
			isa = XCBuildConfiguration;
			buildSettings = {
				ASSETCATALOG_COMPILER_APPICON_NAME = AppIcon;
				ASSETCATALOG_COMPILER_GLOBAL_ACCENT_COLOR_NAME = AccentColor;
				CODE_SIGN_STYLE = Automatic;
				DEVELOPMENT_ASSET_PATHS = "\"GitHubJobsSwiftUIYouTube/Preview Content\"";
				DEVELOPMENT_TEAM = JGX8KL9J9F;
				ENABLE_PREVIEWS = YES;
				INFOPLIST_FILE = GitHubJobsSwiftUIYouTube/Info.plist;
				IPHONEOS_DEPLOYMENT_TARGET = 14.0;
				LD_RUNPATH_SEARCH_PATHS = (
					"$(inherited)",
					"@executable_path/Frameworks",
				);
				PRODUCT_BUNDLE_IDENTIFIER = "com.eugene-berezin.GitHubJobsSwiftUIYouTube";
				PRODUCT_NAME = "$(TARGET_NAME)";
				SWIFT_VERSION = 5.0;
				TARGETED_DEVICE_FAMILY = "1,2";
			};
			name = Debug;
		};
		057728D1259FE9350051423A /* Release */ = {
			isa = XCBuildConfiguration;
			buildSettings = {
				ASSETCATALOG_COMPILER_APPICON_NAME = AppIcon;
				ASSETCATALOG_COMPILER_GLOBAL_ACCENT_COLOR_NAME = AccentColor;
				CODE_SIGN_STYLE = Automatic;
				DEVELOPMENT_ASSET_PATHS = "\"GitHubJobsSwiftUIYouTube/Preview Content\"";
				DEVELOPMENT_TEAM = JGX8KL9J9F;
				ENABLE_PREVIEWS = YES;
				INFOPLIST_FILE = GitHubJobsSwiftUIYouTube/Info.plist;
				IPHONEOS_DEPLOYMENT_TARGET = 14.0;
				LD_RUNPATH_SEARCH_PATHS = (
					"$(inherited)",
					"@executable_path/Frameworks",
				);
				PRODUCT_BUNDLE_IDENTIFIER = "com.eugene-berezin.GitHubJobsSwiftUIYouTube";
				PRODUCT_NAME = "$(TARGET_NAME)";
				SWIFT_VERSION = 5.0;
				TARGETED_DEVICE_FAMILY = "1,2";
			};
			name = Release;
		};
/* End XCBuildConfiguration section */

/* Begin XCConfigurationList section */
		057728BB259FE9320051423A /* Build configuration list for PBXProject "GitHubJobsSwiftUIYouTube" */ = {
			isa = XCConfigurationList;
			buildConfigurations = (
				057728CD259FE9350051423A /* Debug */,
				057728CE259FE9350051423A /* Release */,
			);
			defaultConfigurationIsVisible = 0;
			defaultConfigurationName = Release;
		};
		057728CF259FE9350051423A /* Build configuration list for PBXNativeTarget "GitHubJobsSwiftUIYouTube" */ = {
			isa = XCConfigurationList;
			buildConfigurations = (
				057728D0259FE9350051423A /* Debug */,
				057728D1259FE9350051423A /* Release */,
			);
			defaultConfigurationIsVisible = 0;
			defaultConfigurationName = Release;
		};
/* End XCConfigurationList section */

/* Begin XCRemoteSwiftPackageReference section */
		053542F025BBBC620009ADCF /* XCRemoteSwiftPackageReference "SDWebImageSwiftUI" */ = {
			isa = XCRemoteSwiftPackageReference;
			repositoryURL = "https://github.com/SDWebImage/SDWebImageSwiftUI";
			requirement = {
				kind = upToNextMajorVersion;
				minimumVersion = 1.5.0;
			};
		};
/* End XCRemoteSwiftPackageReference section */

/* Begin XCSwiftPackageProductDependency section */
		053542F125BBBC620009ADCF /* SDWebImageSwiftUI */ = {
			isa = XCSwiftPackageProductDependency;
			package = 053542F025BBBC620009ADCF /* XCRemoteSwiftPackageReference "SDWebImageSwiftUI" */;
			productName = SDWebImageSwiftUI;
		};
/* End XCSwiftPackageProductDependency section */
	};
	rootObject = 057728B8259FE9320051423A /* Project object */;
}
